
Microsoft Visual Studio Solution File, Format Version 12.00
# Visual Studio Version 17
VisualStudioVersion = 17.1.32328.378
MinimumVisualStudioVersion = 10.0.40219.1
Project("{FAE04EC0-301F-11D3-BF4B-00C04F79EFBC}") = "MultiTenant.Core", "MultiTenant.Resolver\MultiTenant.Core.csproj", "{19AC55A2-24C5-4CE2-9318-7D49EF86ACF1}"
EndProject
Project("{FAE04EC0-301F-11D3-BF4B-00C04F79EFBC}") = "MultiTenant.Resolver.Database.Migrations.Npgsql", "MultiTenant.Resolver.Database.Migrations.Postgres\MultiTenant.Resolver.Database.Migrations.Npgsql.csproj", "{F9D5AA8C-F476-4B28-B0B8-59C669651E38}"
EndProject
Project("{FAE04EC0-301F-11D3-BF4B-00C04F79EFBC}") = "MultiTenant.Api", "MultiTenant.Api\MultiTenant.Api.csproj", "{DA9C9FBE-5586-4088-BCE7-D96D6471D846}"
EndProject
Project("{FAE04EC0-301F-11D3-BF4B-00C04F79EFBC}") = "MultiTenant.Resolver.Database.Migrations.SqlServer", "MultiTenant.Resolver.Database.Migrations.MsSQL\MultiTenant.Resolver.Database.Migrations.SqlServer.csproj", "{8415DEBC-444D-4C89-9860-5D91E805E4DE}"
EndProject
Project("{2150E333-8FDC-42A3-9474-1A3956D46DE8}") = "Tenancy", "Tenancy", "{3BA0EAD7-14EF-49E8-B157-10653101E51D}"
EndProject
Project("{2150E333-8FDC-42A3-9474-1A3956D46DE8}") = "Application", "Application", "{33E0434E-271C-473A-B84D-566BD9346675}"
EndProject
Project("{2150E333-8FDC-42A3-9474-1A3956D46DE8}") = "Shared", "Shared", "{AE720510-9E01-4F00-9439-4BE330BF633D}"
EndProject
Project("{FAE04EC0-301F-11D3-BF4B-00C04F79EFBC}") = "Application.Shared", "Application.Shared\Application.Shared.csproj", "{7E0A5BD2-6B51-4D6E-B24A-34B157ABD088}"
EndProject
Project("{FAE04EC0-301F-11D3-BF4B-00C04F79EFBC}") = "Application.Core", "Application.Core\Application.Core.csproj", "{B50BA732-3F2E-4F4B-B635-6CC25924CAC7}"
EndProject
Project("{FAE04EC0-301F-11D3-BF4B-00C04F79EFBC}") = "Application.Domain", "Application.Domain\Application.Domain.csproj", "{DFBE1CB0-97F2-4D97-B908-6FC91E737680}"
EndProject
Project("{FAE04EC0-301F-11D3-BF4B-00C04F79EFBC}") = "Application.Core.Infrastructure", "Application.Core.Infrastructure\Application.Core.Infrastructure.csproj", "{B8BF3846-C57F-4F8D-8CEC-89A79D9BFC28}"
EndProject
Project("{FAE04EC0-301F-11D3-BF4B-00C04F79EFBC}") = "Application.Core.Infrastructure.Migrations.SqlServer", "Application.Core.Infrastructure.Migrations.SqlServer\Application.Core.Infrastructure.Migrations.SqlServer.csproj", "{5B92638E-F608-4121-A953-6A96439844CF}"
EndProject
Project("{FAE04EC0-301F-11D3-BF4B-00C04F79EFBC}") = "Application.Api", "Application.Api\Application.Api.csproj", "{76A57CB6-9053-4056-8B66-C26116C30C49}"
EndProject
Project("{FAE04EC0-301F-11D3-BF4B-00C04F79EFBC}") = "Application.Core.Infrastructure.Migrations.Npgsql", "Application.Core.Infrastructure.Migrations.Npgsql\Application.Core.Infrastructure.Migrations.Npgsql.csproj", "{C90538A1-2763-4461-84D7-DB7B7DF4E42C}"
EndProject
Global
	GlobalSection(SolutionConfigurationPlatforms) = preSolution
		Debug|Any CPU = Debug|Any CPU
		Release|Any CPU = Release|Any CPU
	EndGlobalSection
	GlobalSection(ProjectConfigurationPlatforms) = postSolution
		{19AC55A2-24C5-4CE2-9318-7D49EF86ACF1}.Debug|Any CPU.ActiveCfg = Debug|Any CPU
		{19AC55A2-24C5-4CE2-9318-7D49EF86ACF1}.Debug|Any CPU.Build.0 = Debug|Any CPU
		{19AC55A2-24C5-4CE2-9318-7D49EF86ACF1}.Release|Any CPU.ActiveCfg = Release|Any CPU
		{19AC55A2-24C5-4CE2-9318-7D49EF86ACF1}.Release|Any CPU.Build.0 = Release|Any CPU
		{F9D5AA8C-F476-4B28-B0B8-59C669651E38}.Debug|Any CPU.ActiveCfg = Debug|Any CPU
		{F9D5AA8C-F476-4B28-B0B8-59C669651E38}.Debug|Any CPU.Build.0 = Debug|Any CPU
		{F9D5AA8C-F476-4B28-B0B8-59C669651E38}.Release|Any CPU.ActiveCfg = Release|Any CPU
		{F9D5AA8C-F476-4B28-B0B8-59C669651E38}.Release|Any CPU.Build.0 = Release|Any CPU
		{DA9C9FBE-5586-4088-BCE7-D96D6471D846}.Debug|Any CPU.ActiveCfg = Debug|Any CPU
		{DA9C9FBE-5586-4088-BCE7-D96D6471D846}.Debug|Any CPU.Build.0 = Debug|Any CPU
		{DA9C9FBE-5586-4088-BCE7-D96D6471D846}.Release|Any CPU.ActiveCfg = Release|Any CPU
		{DA9C9FBE-5586-4088-BCE7-D96D6471D846}.Release|Any CPU.Build.0 = Release|Any CPU
		{8415DEBC-444D-4C89-9860-5D91E805E4DE}.Debug|Any CPU.ActiveCfg = Debug|Any CPU
		{8415DEBC-444D-4C89-9860-5D91E805E4DE}.Debug|Any CPU.Build.0 = Debug|Any CPU
		{8415DEBC-444D-4C89-9860-5D91E805E4DE}.Release|Any CPU.ActiveCfg = Release|Any CPU
		{8415DEBC-444D-4C89-9860-5D91E805E4DE}.Release|Any CPU.Build.0 = Release|Any CPU
		{7E0A5BD2-6B51-4D6E-B24A-34B157ABD088}.Debug|Any CPU.ActiveCfg = Debug|Any CPU
		{7E0A5BD2-6B51-4D6E-B24A-34B157ABD088}.Debug|Any CPU.Build.0 = Debug|Any CPU
		{7E0A5BD2-6B51-4D6E-B24A-34B157ABD088}.Release|Any CPU.ActiveCfg = Release|Any CPU
		{7E0A5BD2-6B51-4D6E-B24A-34B157ABD088}.Release|Any CPU.Build.0 = Release|Any CPU
		{B50BA732-3F2E-4F4B-B635-6CC25924CAC7}.Debug|Any CPU.ActiveCfg = Debug|Any CPU
		{B50BA732-3F2E-4F4B-B635-6CC25924CAC7}.Debug|Any CPU.Build.0 = Debug|Any CPU
		{B50BA732-3F2E-4F4B-B635-6CC25924CAC7}.Release|Any CPU.ActiveCfg = Release|Any CPU
		{B50BA732-3F2E-4F4B-B635-6CC25924CAC7}.Release|Any CPU.Build.0 = Release|Any CPU
		{DFBE1CB0-97F2-4D97-B908-6FC91E737680}.Debug|Any CPU.ActiveCfg = Debug|Any CPU
		{DFBE1CB0-97F2-4D97-B908-6FC91E737680}.Debug|Any CPU.Build.0 = Debug|Any CPU
		{DFBE1CB0-97F2-4D97-B908-6FC91E737680}.Release|Any CPU.ActiveCfg = Release|Any CPU
		{DFBE1CB0-97F2-4D97-B908-6FC91E737680}.Release|Any CPU.Build.0 = Release|Any CPU
		{B8BF3846-C57F-4F8D-8CEC-89A79D9BFC28}.Debug|Any CPU.ActiveCfg = Debug|Any CPU
		{B8BF3846-C57F-4F8D-8CEC-89A79D9BFC28}.Debug|Any CPU.Build.0 = Debug|Any CPU
		{B8BF3846-C57F-4F8D-8CEC-89A79D9BFC28}.Release|Any CPU.ActiveCfg = Release|Any CPU
		{B8BF3846-C57F-4F8D-8CEC-89A79D9BFC28}.Release|Any CPU.Build.0 = Release|Any CPU
		{5B92638E-F608-4121-A953-6A96439844CF}.Debug|Any CPU.ActiveCfg = Debug|Any CPU
		{5B92638E-F608-4121-A953-6A96439844CF}.Debug|Any CPU.Build.0 = Debug|Any CPU
		{5B92638E-F608-4121-A953-6A96439844CF}.Release|Any CPU.ActiveCfg = Release|Any CPU
		{5B92638E-F608-4121-A953-6A96439844CF}.Release|Any CPU.Build.0 = Release|Any CPU
		{76A57CB6-9053-4056-8B66-C26116C30C49}.Debug|Any CPU.ActiveCfg = Debug|Any CPU
		{76A57CB6-9053-4056-8B66-C26116C30C49}.Debug|Any CPU.Build.0 = Debug|Any CPU
		{76A57CB6-9053-4056-8B66-C26116C30C49}.Release|Any CPU.ActiveCfg = Release|Any CPU
		{76A57CB6-9053-4056-8B66-C26116C30C49}.Release|Any CPU.Build.0 = Release|Any CPU
		{C90538A1-2763-4461-84D7-DB7B7DF4E42C}.Debug|Any CPU.ActiveCfg = Debug|Any CPU
		{C90538A1-2763-4461-84D7-DB7B7DF4E42C}.Debug|Any CPU.Build.0 = Debug|Any CPU
		{C90538A1-2763-4461-84D7-DB7B7DF4E42C}.Release|Any CPU.ActiveCfg = Release|Any CPU
		{C90538A1-2763-4461-84D7-DB7B7DF4E42C}.Release|Any CPU.Build.0 = Release|Any CPU
	EndGlobalSection
	GlobalSection(SolutionProperties) = preSolution
		HideSolutionNode = FALSE
	EndGlobalSection
	GlobalSection(NestedProjects) = preSolution
		{19AC55A2-24C5-4CE2-9318-7D49EF86ACF1} = {3BA0EAD7-14EF-49E8-B157-10653101E51D}
		{F9D5AA8C-F476-4B28-B0B8-59C669651E38} = {3BA0EAD7-14EF-49E8-B157-10653101E51D}
		{DA9C9FBE-5586-4088-BCE7-D96D6471D846} = {3BA0EAD7-14EF-49E8-B157-10653101E51D}
		{8415DEBC-444D-4C89-9860-5D91E805E4DE} = {3BA0EAD7-14EF-49E8-B157-10653101E51D}
		{7E0A5BD2-6B51-4D6E-B24A-34B157ABD088} = {AE720510-9E01-4F00-9439-4BE330BF633D}
		{B50BA732-3F2E-4F4B-B635-6CC25924CAC7} = {33E0434E-271C-473A-B84D-566BD9346675}
		{DFBE1CB0-97F2-4D97-B908-6FC91E737680} = {33E0434E-271C-473A-B84D-566BD9346675}
		{B8BF3846-C57F-4F8D-8CEC-89A79D9BFC28} = {33E0434E-271C-473A-B84D-566BD9346675}
		{5B92638E-F608-4121-A953-6A96439844CF} = {33E0434E-271C-473A-B84D-566BD9346675}
		{76A57CB6-9053-4056-8B66-C26116C30C49} = {33E0434E-271C-473A-B84D-566BD9346675}
		{C90538A1-2763-4461-84D7-DB7B7DF4E42C} = {33E0434E-271C-473A-B84D-566BD9346675}
	EndGlobalSection
	GlobalSection(ExtensibilityGlobals) = postSolution
		SolutionGuid = {542F051B-FEE2-4D59-9C72-678F36290C81}
	EndGlobalSection
EndGlobal
